
Microsoft Visual Studio Solution File, Format Version 12.00
# Visual Studio Version 17
VisualStudioVersion = 17.11.35219.272
MinimumVisualStudioVersion = 10.0.40219.1
Project("{FAE04EC0-301F-11D3-BF4B-00C04F79EFBC}") = "NNDAWDotNetCore.ConsoleApp", "NNDAWDotNetCore.ConsoleApp\NNDAWDotNetCore.ConsoleApp.csproj", "{B9DBDFA1-96CF-495C-81C3-E7199BD67373}"
EndProject
Project("{2150E333-8FDC-42A3-9474-1A3956D46DE8}") = "Documents", "Documents", "{300E82FE-7FDA-4EC9-88B6-602AFCD03E02}"
	ProjectSection(SolutionItems) = preProject
		README.md = README.md
	EndProjectSection
EndProject
Global
	GlobalSection(SolutionConfigurationPlatforms) = preSolution
		Debug|Any CPU = Debug|Any CPU
		Release|Any CPU = Release|Any CPU
	EndGlobalSection
	GlobalSection(ProjectConfigurationPlatforms) = postSolution
		{B9DBDFA1-96CF-495C-81C3-E7199BD67373}.Debug|Any CPU.ActiveCfg = Debug|Any CPU
		{B9DBDFA1-96CF-495C-81C3-E7199BD67373}.Debug|Any CPU.Build.0 = Debug|Any CPU
		{B9DBDFA1-96CF-495C-81C3-E7199BD67373}.Release|Any CPU.ActiveCfg = Release|Any CPU
		{B9DBDFA1-96CF-495C-81C3-E7199BD67373}.Release|Any CPU.Build.0 = Release|Any CPU
	EndGlobalSection
	GlobalSection(SolutionProperties) = preSolution
		HideSolutionNode = FALSE
	EndGlobalSection
	GlobalSection(ExtensibilityGlobals) = postSolution
		SolutionGuid = {438F70B9-814A-42B2-86BA-41AA8889FAA3}
	EndGlobalSection
EndGlobal
